
Microsoft Visual Studio Solution File, Format Version 12.00
# Visual Studio 15
VisualStudioVersion = 15.0.27703.2026
MinimumVisualStudioVersion = 10.0.40219.1
Project("{FAE04EC0-301F-11D3-BF4B-00C04F79EFBC}") = "Observer", "Observer\Observer.csproj", "{EA5138BB-A2E4-4853-A48D-32B05DC68EBE}"
EndProject
Project("{FAE04EC0-301F-11D3-BF4B-00C04F79EFBC}") = "ReactiveExtensions", "ReactiveExtensions\ReactiveExtensions.csproj", "{DD34C8B3-009A-46B3-993F-A08B079AC785}"
EndProject
Global
	GlobalSection(SolutionConfigurationPlatforms) = preSolution
		Debug|Any CPU = Debug|Any CPU
		Release|Any CPU = Release|Any CPU
	EndGlobalSection
	GlobalSection(ProjectConfigurationPlatforms) = postSolution
		{EA5138BB-A2E4-4853-A48D-32B05DC68EBE}.Debug|Any CPU.ActiveCfg = Debug|Any CPU
		{EA5138BB-A2E4-4853-A48D-32B05DC68EBE}.Debug|Any CPU.Build.0 = Debug|Any CPU
		{EA5138BB-A2E4-4853-A48D-32B05DC68EBE}.Release|Any CPU.ActiveCfg = Release|Any CPU
		{EA5138BB-A2E4-4853-A48D-32B05DC68EBE}.Release|Any CPU.Build.0 = Release|Any CPU
		{DD34C8B3-009A-46B3-993F-A08B079AC785}.Debug|Any CPU.ActiveCfg = Debug|Any CPU
		{DD34C8B3-009A-46B3-993F-A08B079AC785}.Debug|Any CPU.Build.0 = Debug|Any CPU
		{DD34C8B3-009A-46B3-993F-A08B079AC785}.Release|Any CPU.ActiveCfg = Release|Any CPU
		{DD34C8B3-009A-46B3-993F-A08B079AC785}.Release|Any CPU.Build.0 = Release|Any CPU
	EndGlobalSection
	GlobalSection(SolutionProperties) = preSolution
		HideSolutionNode = FALSE
	EndGlobalSection
	GlobalSection(ExtensibilityGlobals) = postSolution
		SolutionGuid = {7CC692B6-71D5-461F-8B0E-218DAA6E3D86}
	EndGlobalSection
EndGlobal
