
Microsoft Visual Studio Solution File, Format Version 12.00
# Visual Studio 15
VisualStudioVersion = 15.0.27703.2018
MinimumVisualStudioVersion = 10.0.40219.1
Project("{FAE04EC0-301F-11D3-BF4B-00C04F79EFBC}") = "Prototype_DP", "Prototype_DP\Prototype_DP.csproj", "{DA14FD30-BCE4-497F-9FF7-7C04D778C990}"
EndProject
Global
	GlobalSection(SolutionConfigurationPlatforms) = preSolution
		Debug|Any CPU = Debug|Any CPU
		Release|Any CPU = Release|Any CPU
	EndGlobalSection
	GlobalSection(ProjectConfigurationPlatforms) = postSolution
		{DA14FD30-BCE4-497F-9FF7-7C04D778C990}.Debug|Any CPU.ActiveCfg = Debug|Any CPU
		{DA14FD30-BCE4-497F-9FF7-7C04D778C990}.Debug|Any CPU.Build.0 = Debug|Any CPU
		{DA14FD30-BCE4-497F-9FF7-7C04D778C990}.Release|Any CPU.ActiveCfg = Release|Any CPU
		{DA14FD30-BCE4-497F-9FF7-7C04D778C990}.Release|Any CPU.Build.0 = Release|Any CPU
	EndGlobalSection
	GlobalSection(SolutionProperties) = preSolution
		HideSolutionNode = FALSE
	EndGlobalSection
	GlobalSection(ExtensibilityGlobals) = postSolution
		SolutionGuid = {06240942-7155-442F-BFCD-433ADE13FF9F}
	EndGlobalSection
EndGlobal
