
Microsoft Visual Studio Solution File, Format Version 12.00
# Visual Studio 15
VisualStudioVersion = 15.0.27703.2018
MinimumVisualStudioVersion = 10.0.40219.1
Project("{FAE04EC0-301F-11D3-BF4B-00C04F79EFBC}") = "Bridge_DP", "Bridge_DP\Bridge_DP.csproj", "{CFDACD3F-9E5E-41DA-997B-B706D9CFEBF6}"
EndProject
Global
	GlobalSection(SolutionConfigurationPlatforms) = preSolution
		Debug|Any CPU = Debug|Any CPU
		Release|Any CPU = Release|Any CPU
	EndGlobalSection
	GlobalSection(ProjectConfigurationPlatforms) = postSolution
		{CFDACD3F-9E5E-41DA-997B-B706D9CFEBF6}.Debug|Any CPU.ActiveCfg = Debug|Any CPU
		{CFDACD3F-9E5E-41DA-997B-B706D9CFEBF6}.Debug|Any CPU.Build.0 = Debug|Any CPU
		{CFDACD3F-9E5E-41DA-997B-B706D9CFEBF6}.Release|Any CPU.ActiveCfg = Release|Any CPU
		{CFDACD3F-9E5E-41DA-997B-B706D9CFEBF6}.Release|Any CPU.Build.0 = Release|Any CPU
	EndGlobalSection
	GlobalSection(SolutionProperties) = preSolution
		HideSolutionNode = FALSE
	EndGlobalSection
	GlobalSection(ExtensibilityGlobals) = postSolution
		SolutionGuid = {87918189-2782-48A8-97B7-D4FFE6DACE34}
	EndGlobalSection
EndGlobal
