
Microsoft Visual Studio Solution File, Format Version 12.00
# Visual Studio 15
VisualStudioVersion = 15.0.27703.2018
MinimumVisualStudioVersion = 10.0.40219.1
Project("{9A19103F-16F7-4668-BE54-9A1E7A4F7556}") = "Shapes", "Shapes\Shapes.csproj", "{37E55036-AFFB-4C2E-8D01-814D3FC0034B}"
EndProject
Project("{FAE04EC0-301F-11D3-BF4B-00C04F79EFBC}") = "NeuralNetworks", "NeuralNetworks\NeuralNetworks.csproj", "{E0A554D9-D5FC-4A5E-A33E-04C7FB9235DC}"
EndProject
Global
	GlobalSection(SolutionConfigurationPlatforms) = preSolution
		Debug|Any CPU = Debug|Any CPU
		Release|Any CPU = Release|Any CPU
	EndGlobalSection
	GlobalSection(ProjectConfigurationPlatforms) = postSolution
		{37E55036-AFFB-4C2E-8D01-814D3FC0034B}.Debug|Any CPU.ActiveCfg = Debug|Any CPU
		{37E55036-AFFB-4C2E-8D01-814D3FC0034B}.Debug|Any CPU.Build.0 = Debug|Any CPU
		{37E55036-AFFB-4C2E-8D01-814D3FC0034B}.Release|Any CPU.ActiveCfg = Release|Any CPU
		{37E55036-AFFB-4C2E-8D01-814D3FC0034B}.Release|Any CPU.Build.0 = Release|Any CPU
		{E0A554D9-D5FC-4A5E-A33E-04C7FB9235DC}.Debug|Any CPU.ActiveCfg = Debug|Any CPU
		{E0A554D9-D5FC-4A5E-A33E-04C7FB9235DC}.Debug|Any CPU.Build.0 = Debug|Any CPU
		{E0A554D9-D5FC-4A5E-A33E-04C7FB9235DC}.Release|Any CPU.ActiveCfg = Release|Any CPU
		{E0A554D9-D5FC-4A5E-A33E-04C7FB9235DC}.Release|Any CPU.Build.0 = Release|Any CPU
	EndGlobalSection
	GlobalSection(SolutionProperties) = preSolution
		HideSolutionNode = FALSE
	EndGlobalSection
	GlobalSection(ExtensibilityGlobals) = postSolution
		SolutionGuid = {3129070E-4F57-4574-ACD8-58F492B39409}
	EndGlobalSection
EndGlobal
