
Microsoft Visual Studio Solution File, Format Version 12.00
# Visual Studio 15
VisualStudioVersion = 15.0.27703.2018
MinimumVisualStudioVersion = 10.0.40219.1
Project("{9A19103F-16F7-4668-BE54-9A1E7A4F7556}") = "OpenClosePrinciple", "OpenClosePrinciple\OpenClosePrinciple.csproj", "{2AA81772-7CA2-477D-9AA0-11FD4B66D47F}"
EndProject
Project("{9A19103F-16F7-4668-BE54-9A1E7A4F7556}") = "SRP", "SRP\SRP.csproj", "{C34FA224-431D-4834-9F62-85C32C76CC6F}"
EndProject
Project("{9A19103F-16F7-4668-BE54-9A1E7A4F7556}") = "LiskovSubstitutionPrinciple", "LiskovSubstitutionPrinciple\LiskovSubstitutionPrinciple.csproj", "{D49B5228-7D59-43FC-8428-97C41E332E7C}"
EndProject
Project("{FAE04EC0-301F-11D3-BF4B-00C04F79EFBC}") = "ISP", "ISP\ISP.csproj", "{A9DA7203-7C20-4E17-91D1-B103FF092F45}"
EndProject
Project("{FAE04EC0-301F-11D3-BF4B-00C04F79EFBC}") = "DIP", "DIP\DIP.csproj", "{CE36C67A-F9FC-47DA-8F66-2746EB4406F9}"
EndProject
Global
	GlobalSection(SolutionConfigurationPlatforms) = preSolution
		Debug|Any CPU = Debug|Any CPU
		Release|Any CPU = Release|Any CPU
	EndGlobalSection
	GlobalSection(ProjectConfigurationPlatforms) = postSolution
		{2AA81772-7CA2-477D-9AA0-11FD4B66D47F}.Debug|Any CPU.ActiveCfg = Debug|Any CPU
		{2AA81772-7CA2-477D-9AA0-11FD4B66D47F}.Debug|Any CPU.Build.0 = Debug|Any CPU
		{2AA81772-7CA2-477D-9AA0-11FD4B66D47F}.Release|Any CPU.ActiveCfg = Release|Any CPU
		{2AA81772-7CA2-477D-9AA0-11FD4B66D47F}.Release|Any CPU.Build.0 = Release|Any CPU
		{C34FA224-431D-4834-9F62-85C32C76CC6F}.Debug|Any CPU.ActiveCfg = Debug|Any CPU
		{C34FA224-431D-4834-9F62-85C32C76CC6F}.Debug|Any CPU.Build.0 = Debug|Any CPU
		{C34FA224-431D-4834-9F62-85C32C76CC6F}.Release|Any CPU.ActiveCfg = Release|Any CPU
		{C34FA224-431D-4834-9F62-85C32C76CC6F}.Release|Any CPU.Build.0 = Release|Any CPU
		{D49B5228-7D59-43FC-8428-97C41E332E7C}.Debug|Any CPU.ActiveCfg = Debug|Any CPU
		{D49B5228-7D59-43FC-8428-97C41E332E7C}.Debug|Any CPU.Build.0 = Debug|Any CPU
		{D49B5228-7D59-43FC-8428-97C41E332E7C}.Release|Any CPU.ActiveCfg = Release|Any CPU
		{D49B5228-7D59-43FC-8428-97C41E332E7C}.Release|Any CPU.Build.0 = Release|Any CPU
		{A9DA7203-7C20-4E17-91D1-B103FF092F45}.Debug|Any CPU.ActiveCfg = Debug|Any CPU
		{A9DA7203-7C20-4E17-91D1-B103FF092F45}.Debug|Any CPU.Build.0 = Debug|Any CPU
		{A9DA7203-7C20-4E17-91D1-B103FF092F45}.Release|Any CPU.ActiveCfg = Release|Any CPU
		{A9DA7203-7C20-4E17-91D1-B103FF092F45}.Release|Any CPU.Build.0 = Release|Any CPU
		{CE36C67A-F9FC-47DA-8F66-2746EB4406F9}.Debug|Any CPU.ActiveCfg = Debug|Any CPU
		{CE36C67A-F9FC-47DA-8F66-2746EB4406F9}.Debug|Any CPU.Build.0 = Debug|Any CPU
		{CE36C67A-F9FC-47DA-8F66-2746EB4406F9}.Release|Any CPU.ActiveCfg = Release|Any CPU
		{CE36C67A-F9FC-47DA-8F66-2746EB4406F9}.Release|Any CPU.Build.0 = Release|Any CPU
	EndGlobalSection
	GlobalSection(SolutionProperties) = preSolution
		HideSolutionNode = FALSE
	EndGlobalSection
	GlobalSection(ExtensibilityGlobals) = postSolution
		SolutionGuid = {CC413482-92F1-4792-9EB1-79015EF7D46C}
	EndGlobalSection
EndGlobal
